// !$*UTF8*$!
{
	archiveVersion = 1;
	classes = {
	};
	objectVersion = 50;
	objects = {

/* Begin PBXBuildFile section */
		BDDAAF25242BAD9A002916E7 /* AppDelegate.m in Sources */ = {isa = PBXBuildFile; fileRef = BDDAAF24242BAD9A002916E7 /* AppDelegate.m */; };
		BDDAAF28242BAD9A002916E7 /* SceneDelegate.m in Sources */ = {isa = PBXBuildFile; fileRef = BDDAAF27242BAD9A002916E7 /* SceneDelegate.m */; };
		BDDAAF2B242BAD9A002916E7 /* ViewController.m in Sources */ = {isa = PBXBuildFile; fileRef = BDDAAF2A242BAD9A002916E7 /* ViewController.m */; };
		BDDAAF2E242BAD9A002916E7 /* Main.storyboard in Resources */ = {isa = PBXBuildFile; fileRef = BDDAAF2C242BAD9A002916E7 /* Main.storyboard */; };
		BDDAAF30242BAD9B002916E7 /* Assets.xcassets in Resources */ = {isa = PBXBuildFile; fileRef = BDDAAF2F242BAD9B002916E7 /* Assets.xcassets */; };
		BDDAAF33242BAD9B002916E7 /* LaunchScreen.storyboard in Resources */ = {isa = PBXBuildFile; fileRef = BDDAAF31242BAD9B002916E7 /* LaunchScreen.storyboard */; };
		BDDAAF36242BAD9B002916E7 /* main.m in Sources */ = {isa = PBXBuildFile; fileRef = BDDAAF35242BAD9B002916E7 /* main.m */; };
		BDDAAF3E242BADAD002916E7 /* MyOperation.m in Sources */ = {isa = PBXBuildFile; fileRef = BDDAAF3D242BADAD002916E7 /* MyOperation.m */; };
/* End PBXBuildFile section */

/* Begin PBXFileReference section */
		BDDAAF20242BAD9A002916E7 /* TestOperation_objc.app */ = {isa = PBXFileReference; explicitFileType = wrapper.application; includeInIndex = 0; path = TestOperation_objc.app; sourceTree = BUILT_PRODUCTS_DIR; };
		BDDAAF23242BAD9A002916E7 /* AppDelegate.h */ = {isa = PBXFileReference; lastKnownFileType = sourcecode.c.h; path = AppDelegate.h; sourceTree = "<group>"; };
		BDDAAF24242BAD9A002916E7 /* AppDelegate.m */ = {isa = PBXFileReference; lastKnownFileType = sourcecode.c.objc; path = AppDelegate.m; sourceTree = "<group>"; };
		BDDAAF26242BAD9A002916E7 /* SceneDelegate.h */ = {isa = PBXFileReference; lastKnownFileType = sourcecode.c.h; path = SceneDelegate.h; sourceTree = "<group>"; };
		BDDAAF27242BAD9A002916E7 /* SceneDelegate.m */ = {isa = PBXFileReference; lastKnownFileType = sourcecode.c.objc; path = SceneDelegate.m; sourceTree = "<group>"; };
		BDDAAF29242BAD9A002916E7 /* ViewController.h */ = {isa = PBXFileReference; lastKnownFileType = sourcecode.c.h; path = ViewController.h; sourceTree = "<group>"; };
		BDDAAF2A242BAD9A002916E7 /* ViewController.m */ = {isa = PBXFileReference; lastKnownFileType = sourcecode.c.objc; path = ViewController.m; sourceTree = "<group>"; };
		BDDAAF2D242BAD9A002916E7 /* Base */ = {isa = PBXFileReference; lastKnownFileType = file.storyboard; name = Base; path = Base.lproj/Main.storyboard; sourceTree = "<group>"; };
		BDDAAF2F242BAD9B002916E7 /* Assets.xcassets */ = {isa = PBXFileReference; lastKnownFileType = folder.assetcatalog; path = Assets.xcassets; sourceTree = "<group>"; };
		BDDAAF32242BAD9B002916E7 /* Base */ = {isa = PBXFileReference; lastKnownFileType = file.storyboard; name = Base; path = Base.lproj/LaunchScreen.storyboard; sourceTree = "<group>"; };
		BDDAAF34242BAD9B002916E7 /* Info.plist */ = {isa = PBXFileReference; lastKnownFileType = text.plist.xml; path = Info.plist; sourceTree = "<group>"; };
		BDDAAF35242BAD9B002916E7 /* main.m */ = {isa = PBXFileReference; lastKnownFileType = sourcecode.c.objc; path = main.m; sourceTree = "<group>"; };
		BDDAAF3C242BADAD002916E7 /* MyOperation.h */ = {isa = PBXFileReference; lastKnownFileType = sourcecode.c.h; path = MyOperation.h; sourceTree = "<group>"; };
		BDDAAF3D242BADAD002916E7 /* MyOperation.m */ = {isa = PBXFileReference; lastKnownFileType = sourcecode.c.objc; path = MyOperation.m; sourceTree = "<group>"; };
/* End PBXFileReference section */

/* Begin PBXFrameworksBuildPhase section */
		BDDAAF1D242BAD9A002916E7 /* Frameworks */ = {
			isa = PBXFrameworksBuildPhase;
			buildActionMask = 2147483647;
			files = (
			);
			runOnlyForDeploymentPostprocessing = 0;
		};
/* End PBXFrameworksBuildPhase section */

/* Begin PBXGroup section */
		BDDAAF17242BAD9A002916E7 = {
			isa = PBXGroup;
			children = (
				BDDAAF22242BAD9A002916E7 /* TestOperation_objc */,
				BDDAAF21242BAD9A002916E7 /* Products */,
			);
			sourceTree = "<group>";
		};
		BDDAAF21242BAD9A002916E7 /* Products */ = {
			isa = PBXGroup;
			children = (
				BDDAAF20242BAD9A002916E7 /* TestOperation_objc.app */,
			);
			name = Products;
			sourceTree = "<group>";
		};
		BDDAAF22242BAD9A002916E7 /* TestOperation_objc */ = {
			isa = PBXGroup;
			children = (
				BDDAAF23242BAD9A002916E7 /* AppDelegate.h */,
				BDDAAF24242BAD9A002916E7 /* AppDelegate.m */,
				BDDAAF26242BAD9A002916E7 /* SceneDelegate.h */,
				BDDAAF27242BAD9A002916E7 /* SceneDelegate.m */,
				BDDAAF29242BAD9A002916E7 /* ViewController.h */,
				BDDAAF2A242BAD9A002916E7 /* ViewController.m */,
				BDDAAF3C242BADAD002916E7 /* MyOperation.h */,
				BDDAAF3D242BADAD002916E7 /* MyOperation.m */,
				BDDAAF2C242BAD9A002916E7 /* Main.storyboard */,
				BDDAAF2F242BAD9B002916E7 /* Assets.xcassets */,
				BDDAAF31242BAD9B002916E7 /* LaunchScreen.storyboard */,
				BDDAAF34242BAD9B002916E7 /* Info.plist */,
				BDDAAF35242BAD9B002916E7 /* main.m */,
			);
			path = TestOperation_objc;
			sourceTree = "<group>";
		};
/* End PBXGroup section */

/* Begin PBXNativeTarget section */
		BDDAAF1F242BAD9A002916E7 /* TestOperation_objc */ = {
			isa = PBXNativeTarget;
			buildConfigurationList = BDDAAF39242BAD9B002916E7 /* Build configuration list for PBXNativeTarget "TestOperation_objc" */;
			buildPhases = (
				BDDAAF1C242BAD9A002916E7 /* Sources */,
				BDDAAF1D242BAD9A002916E7 /* Frameworks */,
				BDDAAF1E242BAD9A002916E7 /* Resources */,
			);
			buildRules = (
			);
			dependencies = (
			);
			name = TestOperation_objc;
			productName = TestOperation_objc;
			productReference = BDDAAF20242BAD9A002916E7 /* TestOperation_objc.app */;
			productType = "com.apple.product-type.application";
		};
/* End PBXNativeTarget section */

/* Begin PBXProject section */
		BDDAAF18242BAD9A002916E7 /* Project object */ = {
			isa = PBXProject;
			attributes = {
				LastUpgradeCheck = 1140;
				ORGANIZATIONNAME = "Lambda, Inc";
				TargetAttributes = {
					BDDAAF1F242BAD9A002916E7 = {
						CreatedOnToolsVersion = 11.4;
					};
				};
			};
			buildConfigurationList = BDDAAF1B242BAD9A002916E7 /* Build configuration list for PBXProject "TestOperation_objc" */;
			compatibilityVersion = "Xcode 9.3";
			developmentRegion = en;
			hasScannedForEncodings = 0;
			knownRegions = (
				en,
				Base,
			);
			mainGroup = BDDAAF17242BAD9A002916E7;
			productRefGroup = BDDAAF21242BAD9A002916E7 /* Products */;
			projectDirPath = "";
			projectRoot = "";
			targets = (
				BDDAAF1F242BAD9A002916E7 /* TestOperation_objc */,
			);
		};
/* End PBXProject section */

/* Begin PBXResourcesBuildPhase section */
		BDDAAF1E242BAD9A002916E7 /* Resources */ = {
			isa = PBXResourcesBuildPhase;
			buildActionMask = 2147483647;
			files = (
				BDDAAF33242BAD9B002916E7 /* LaunchScreen.storyboard in Resources */,
				BDDAAF30242BAD9B002916E7 /* Assets.xcassets in Resources */,
				BDDAAF2E242BAD9A002916E7 /* Main.storyboard in Resources */,
			);
			runOnlyForDeploymentPostprocessing = 0;
		};
/* End PBXResourcesBuildPhase section */

/* Begin PBXSourcesBuildPhase section */
		BDDAAF1C242BAD9A002916E7 /* Sources */ = {
			isa = PBXSourcesBuildPhase;
			buildActionMask = 2147483647;
			files = (
				BDDAAF2B242BAD9A002916E7 /* ViewController.m in Sources */,
				BDDAAF25242BAD9A002916E7 /* AppDelegate.m in Sources */,
				BDDAAF36242BAD9B002916E7 /* main.m in Sources */,
				BDDAAF3E242BADAD002916E7 /* MyOperation.m in Sources */,
				BDDAAF28242BAD9A002916E7 /* SceneDelegate.m in Sources */,
			);
			runOnlyForDeploymentPostprocessing = 0;
		};
/* End PBXSourcesBuildPhase section */

/* Begin PBXVariantGroup section */
		BDDAAF2C242BAD9A002916E7 /* Main.storyboard */ = {
			isa = PBXVariantGroup;
			children = (
				BDDAAF2D242BAD9A002916E7 /* Base */,
			);
			name = Main.storyboard;
			sourceTree = "<group>";
		};
		BDDAAF31242BAD9B002916E7 /* LaunchScreen.storyboard */ = {
			isa = PBXVariantGroup;
			children = (
				BDDAAF32242BAD9B002916E7 /* Base */,
			);
			name = LaunchScreen.storyboard;
			sourceTree = "<group>";
		};
/* End PBXVariantGroup section */

/* Begin XCBuildConfiguration section */
		BDDAAF37242BAD9B002916E7 /* Debug */ = {
			isa = XCBuildConfiguration;
			buildSettings = {
				ALWAYS_SEARCH_USER_PATHS = NO;
				CLANG_ANALYZER_NONNULL = YES;
				CLANG_ANALYZER_NUMBER_OBJECT_CONVERSION = YES_AGGRESSIVE;
				CLANG_CXX_LANGUAGE_STANDARD = "gnu++14";
				CLANG_CXX_LIBRARY = "libc++";
				CLANG_ENABLE_MODULES = YES;
				CLANG_ENABLE_OBJC_ARC = YES;
				CLANG_ENABLE_OBJC_WEAK = YES;
				CLANG_WARN_BLOCK_CAPTURE_AUTORELEASING = YES;
				CLANG_WARN_BOOL_CONVERSION = YES;
				CLANG_WARN_COMMA = YES;
				CLANG_WARN_CONSTANT_CONVERSION = YES;
				CLANG_WARN_DEPRECATED_OBJC_IMPLEMENTATIONS = YES;
				CLANG_WARN_DIRECT_OBJC_ISA_USAGE = YES_ERROR;
				CLANG_WARN_DOCUMENTATION_COMMENTS = YES;
				CLANG_WARN_EMPTY_BODY = YES;
				CLANG_WARN_ENUM_CONVERSION = YES;
				CLANG_WARN_INFINITE_RECURSION = YES;
				CLANG_WARN_INT_CONVERSION = YES;
				CLANG_WARN_NON_LITERAL_NULL_CONVERSION = YES;
				CLANG_WARN_OBJC_IMPLICIT_RETAIN_SELF = YES;
				CLANG_WARN_OBJC_LITERAL_CONVERSION = YES;
				CLANG_WARN_OBJC_ROOT_CLASS = YES_ERROR;
				CLANG_WARN_RANGE_LOOP_ANALYSIS = YES;
				CLANG_WARN_STRICT_PROTOTYPES = YES;
				CLANG_WARN_SUSPICIOUS_MOVE = YES;
				CLANG_WARN_UNGUARDED_AVAILABILITY = YES_AGGRESSIVE;
				CLANG_WARN_UNREACHABLE_CODE = YES;
				CLANG_WARN__DUPLICATE_METHOD_MATCH = YES;
				COPY_PHASE_STRIP = NO;
				DEBUG_INFORMATION_FORMAT = dwarf;
				ENABLE_STRICT_OBJC_MSGSEND = YES;
				ENABLE_TESTABILITY = YES;
				GCC_C_LANGUAGE_STANDARD = gnu11;
				GCC_DYNAMIC_NO_PIC = NO;
				GCC_NO_COMMON_BLOCKS = YES;
				GCC_OPTIMIZATION_LEVEL = 0;
				GCC_PREPROCESSOR_DEFINITIONS = (
					"DEBUG=1",
					"$(inherited)",
				);
				GCC_WARN_64_TO_32_BIT_CONVERSION = YES;
				GCC_WARN_ABOUT_RETURN_TYPE = YES_ERROR;
				GCC_WARN_UNDECLARED_SELECTOR = YES;
				GCC_WARN_UNINITIALIZED_AUTOS = YES_AGGRESSIVE;
				GCC_WARN_UNUSED_FUNCTION = YES;
				GCC_WARN_UNUSED_VARIABLE = YES;
				IPHONEOS_DEPLOYMENT_TARGET = 13.4;
				MTL_ENABLE_DEBUG_INFO = INCLUDE_SOURCE;
				MTL_FAST_MATH = YES;
				ONLY_ACTIVE_ARCH = YES;
				SDKROOT = iphoneos;
			};
			name = Debug;
		};
		BDDAAF38242BAD9B002916E7 /* Release */ = {
			isa = XCBuildConfiguration;
			buildSettings = {
				ALWAYS_SEARCH_USER_PATHS = NO;
				CLANG_ANALYZER_NONNULL = YES;
				CLANG_ANALYZER_NUMBER_OBJECT_CONVERSION = YES_AGGRESSIVE;
				CLANG_CXX_LANGUAGE_STANDARD = "gnu++14";
				CLANG_CXX_LIBRARY = "libc++";
				CLANG_ENABLE_MODULES = YES;
				CLANG_ENABLE_OBJC_ARC = YES;
				CLANG_ENABLE_OBJC_WEAK = YES;
				CLANG_WARN_BLOCK_CAPTURE_AUTORELEASING = YES;
				CLANG_WARN_BOOL_CONVERSION = YES;
				CLANG_WARN_COMMA = YES;
				CLANG_WARN_CONSTANT_CONVERSION = YES;
				CLANG_WARN_DEPRECATED_OBJC_IMPLEMENTATIONS = YES;
				CLANG_WARN_DIRECT_OBJC_ISA_USAGE = YES_ERROR;
				CLANG_WARN_DOCUMENTATION_COMMENTS = YES;
				CLANG_WARN_EMPTY_BODY = YES;
				CLANG_WARN_ENUM_CONVERSION = YES;
				CLANG_WARN_INFINITE_RECURSION = YES;
				CLANG_WARN_INT_CONVERSION = YES;
				CLANG_WARN_NON_LITERAL_NULL_CONVERSION = YES;
				CLANG_WARN_OBJC_IMPLICIT_RETAIN_SELF = YES;
				CLANG_WARN_OBJC_LITERAL_CONVERSION = YES;
				CLANG_WARN_OBJC_ROOT_CLASS = YES_ERROR;
				CLANG_WARN_RANGE_LOOP_ANALYSIS = YES;
				CLANG_WARN_STRICT_PROTOTYPES = YES;
				CLANG_WARN_SUSPICIOUS_MOVE = YES;
				CLANG_WARN_UNGUARDED_AVAILABILITY = YES_AGGRESSIVE;
				CLANG_WARN_UNREACHABLE_CODE = YES;
				CLANG_WARN__DUPLICATE_METHOD_MATCH = YES;
				COPY_PHASE_STRIP = NO;
				DEBUG_INFORMATION_FORMAT = "dwarf-with-dsym";
				ENABLE_NS_ASSERTIONS = NO;
				ENABLE_STRICT_OBJC_MSGSEND = YES;
				GCC_C_LANGUAGE_STANDARD = gnu11;
				GCC_NO_COMMON_BLOCKS = YES;
				GCC_WARN_64_TO_32_BIT_CONVERSION = YES;
				GCC_WARN_ABOUT_RETURN_TYPE = YES_ERROR;
				GCC_WARN_UNDECLARED_SELECTOR = YES;
				GCC_WARN_UNINITIALIZED_AUTOS = YES_AGGRESSIVE;
				GCC_WARN_UNUSED_FUNCTION = YES;
				GCC_WARN_UNUSED_VARIABLE = YES;
				IPHONEOS_DEPLOYMENT_TARGET = 13.4;
				MTL_ENABLE_DEBUG_INFO = NO;
				MTL_FAST_MATH = YES;
				SDKROOT = iphoneos;
				VALIDATE_PRODUCT = YES;
			};
			name = Release;
		};
		BDDAAF3A242BAD9B002916E7 /* Debug */ = {
			isa = XCBuildConfiguration;
			buildSettings = {
				ASSETCATALOG_COMPILER_APPICON_NAME = AppIcon;
				CODE_SIGN_STYLE = Automatic;
				DEVELOPMENT_TEAM = VXUQXR6S56;
				INFOPLIST_FILE = TestOperation_objc/Info.plist;
				LD_RUNPATH_SEARCH_PATHS = (
					"$(inherited)",
					"@executable_path/Frameworks",
				);
				PRODUCT_BUNDLE_IDENTIFIER = "com.lambdaschool.TestOperation-objc";
				PRODUCT_NAME = "$(TARGET_NAME)";
				TARGETED_DEVICE_FAMILY = "1,2";
			};
			name = Debug;
		};
		BDDAAF3B242BAD9B002916E7 /* Release */ = {
			isa = XCBuildConfiguration;
			buildSettings = {
				ASSETCATALOG_COMPILER_APPICON_NAME = AppIcon;
				CODE_SIGN_STYLE = Automatic;
				DEVELOPMENT_TEAM = VXUQXR6S56;
				INFOPLIST_FILE = TestOperation_objc/Info.plist;
				LD_RUNPATH_SEARCH_PATHS = (
					"$(inherited)",
					"@executable_path/Frameworks",
				);
				PRODUCT_BUNDLE_IDENTIFIER = "com.lambdaschool.TestOperation-objc";
				PRODUCT_NAME = "$(TARGET_NAME)";
				TARGETED_DEVICE_FAMILY = "1,2";
			};
			name = Release;
		};
/* End XCBuildConfiguration section */

/* Begin XCConfigurationList section */
		BDDAAF1B242BAD9A002916E7 /* Build configuration list for PBXProject "TestOperation_objc" */ = {
			isa = XCConfigurationList;
			buildConfigurations = (
				BDDAAF37242BAD9B002916E7 /* Debug */,
				BDDAAF38242BAD9B002916E7 /* Release */,
			);
			defaultConfigurationIsVisible = 0;
			defaultConfigurationName = Release;
		};
		BDDAAF39242BAD9B002916E7 /* Build configuration list for PBXNativeTarget "TestOperation_objc" */ = {
			isa = XCConfigurationList;
			buildConfigurations = (
				BDDAAF3A242BAD9B002916E7 /* Debug */,
				BDDAAF3B242BAD9B002916E7 /* Release */,
			);
			defaultConfigurationIsVisible = 0;
			defaultConfigurationName = Release;
		};
/* End XCConfigurationList section */
	};
	rootObject = BDDAAF18242BAD9A002916E7 /* Project object */;
}
